
Microsoft Visual Studio Solution File, Format Version 12.00
# Visual Studio Version 17
VisualStudioVersion = 17.9.34902.65
MinimumVisualStudioVersion = 10.0.40219.1
Project("{888888A0-9F3D-457C-B088-3A5042F75D52}") = "Tic Tac Toe", "Tic Tac Toe\Tic Tac Toe.pyproj", "{434C246C-6C52-474F-91E8-F1A2DF4EE50D}"
EndProject
Global
	GlobalSection(SolutionConfigurationPlatforms) = preSolution
		Debug|Any CPU = Debug|Any CPU
		Release|Any CPU = Release|Any CPU
	EndGlobalSection
	GlobalSection(ProjectConfigurationPlatforms) = postSolution
		{434C246C-6C52-474F-91E8-F1A2DF4EE50D}.Debug|Any CPU.ActiveCfg = Debug|Any CPU
		{434C246C-6C52-474F-91E8-F1A2DF4EE50D}.Release|Any CPU.ActiveCfg = Release|Any CPU
	EndGlobalSection
	GlobalSection(SolutionProperties) = preSolution
		HideSolutionNode = FALSE
	EndGlobalSection
	GlobalSection(ExtensibilityGlobals) = postSolution
		SolutionGuid = {0DD10BAE-9A27-4D95-B818-0601EAA64D77}
	EndGlobalSection
EndGlobal
